
Microsoft Visual Studio Solution File, Format Version 12.00
# Visual Studio 15
VisualStudioVersion = 15.0.28307.271
MinimumVisualStudioVersion = 10.0.40219.1
Project("{8BC9CEB8-8B4A-11D0-8D11-00A0C91BC942}") = "smithTextureUpscale", "smithTextureUpscale.vcxproj", "{386F8B7B-C7F5-4E68-9823-A448AE833049}"
EndProject
Global
	GlobalSection(SolutionConfigurationPlatforms) = preSolution
		Debug|x86 = Debug|x86
		Release|x86 = Release|x86
	EndGlobalSection
	GlobalSection(ProjectConfigurationPlatforms) = postSolution
		{386F8B7B-C7F5-4E68-9823-A448AE833049}.Debug|x86.ActiveCfg = Debug|Win32
		{386F8B7B-C7F5-4E68-9823-A448AE833049}.Debug|x86.Build.0 = Debug|Win32
		{386F8B7B-C7F5-4E68-9823-A448AE833049}.Release|x86.ActiveCfg = Release|Win32
		{386F8B7B-C7F5-4E68-9823-A448AE833049}.Release|x86.Build.0 = Release|Win32
	EndGlobalSection
	GlobalSection(SolutionProperties) = preSolution
		HideSolutionNode = FALSE
	EndGlobalSection
	GlobalSection(ExtensibilityGlobals) = postSolution
		SolutionGuid = {24BEDB45-D60A-4344-A311-883BE3843753}
	EndGlobalSection
EndGlobal
